
Microsoft Visual Studio Solution File, Format Version 12.00
# Visual Studio Version 17
VisualStudioVersion = 17.11.35327.3
MinimumVisualStudioVersion = 10.0.40219.1
Project("{FAE04EC0-301F-11D3-BF4B-00C04F79EFBC}") = "GamerBot", "GamerBot\GamerBot.csproj", "{FECAD70E-D19E-4ABD-9E69-DEB1FAA9A1FD}"
EndProject
Global
	GlobalSection(SolutionConfigurationPlatforms) = preSolution
		Debug|Any CPU = Debug|Any CPU
		Release|Any CPU = Release|Any CPU
	EndGlobalSection
	GlobalSection(ProjectConfigurationPlatforms) = postSolution
		{FECAD70E-D19E-4ABD-9E69-DEB1FAA9A1FD}.Debug|Any CPU.ActiveCfg = Debug|Any CPU
		{FECAD70E-D19E-4ABD-9E69-DEB1FAA9A1FD}.Debug|Any CPU.Build.0 = Debug|Any CPU
		{FECAD70E-D19E-4ABD-9E69-DEB1FAA9A1FD}.Release|Any CPU.ActiveCfg = Release|Any CPU
		{FECAD70E-D19E-4ABD-9E69-DEB1FAA9A1FD}.Release|Any CPU.Build.0 = Release|Any CPU
	EndGlobalSection
	GlobalSection(SolutionProperties) = preSolution
		HideSolutionNode = FALSE
	EndGlobalSection
	GlobalSection(ExtensibilityGlobals) = postSolution
		SolutionGuid = {42DEE6C9-53E4-4E39-BD71-6256DAC30F98}
	EndGlobalSection
EndGlobal
